// !$*UTF8*$!
{
	archiveVersion = 1;
	classes = {
	};
	objectVersion = 50;
	objects = {

/* Begin PBXBuildFile section */
		06AEC53523F456DB00A16E14 /* AppDelegate.swift in Sources */ = {isa = PBXBuildFile; fileRef = 06AEC53423F456DB00A16E14 /* AppDelegate.swift */; };
		06AEC53723F456DB00A16E14 /* SceneDelegate.swift in Sources */ = {isa = PBXBuildFile; fileRef = 06AEC53623F456DB00A16E14 /* SceneDelegate.swift */; };
		06AEC53B23F456DB00A16E14 /* SecondViewController.swift in Sources */ = {isa = PBXBuildFile; fileRef = 06AEC53A23F456DB00A16E14 /* SecondViewController.swift */; };
		06AEC53E23F456DB00A16E14 /* Main.storyboard in Resources */ = {isa = PBXBuildFile; fileRef = 06AEC53C23F456DB00A16E14 /* Main.storyboard */; };
		06AEC54023F456DC00A16E14 /* Assets.xcassets in Resources */ = {isa = PBXBuildFile; fileRef = 06AEC53F23F456DC00A16E14 /* Assets.xcassets */; };
		06AEC54323F456DC00A16E14 /* LaunchScreen.storyboard in Resources */ = {isa = PBXBuildFile; fileRef = 06AEC54123F456DC00A16E14 /* LaunchScreen.storyboard */; };
		06AEC54E23F456DC00A16E14 /* ISTTests.swift in Sources */ = {isa = PBXBuildFile; fileRef = 06AEC54D23F456DC00A16E14 /* ISTTests.swift */; };
		06AEC55923F456DC00A16E14 /* ISTUITests.swift in Sources */ = {isa = PBXBuildFile; fileRef = 06AEC55823F456DC00A16E14 /* ISTUITests.swift */; };
		06AEC56723F4599F00A16E14 /* Curriculum.swift in Sources */ = {isa = PBXBuildFile; fileRef = 06AEC56623F4599F00A16E14 /* Curriculum.swift */; };
		B41AA29C24359A4800D51256 /* tryit.gif in Resources */ = {isa = PBXBuildFile; fileRef = B41AA29B24359A4800D51256 /* tryit.gif */; };
		B41AA29E24359B8F00D51256 /* Gifs.swift in Sources */ = {isa = PBXBuildFile; fileRef = B41AA29D24359B8F00D51256 /* Gifs.swift */; };
		B426F810242EFC4B009B9AFB /* VideoViewController.swift in Sources */ = {isa = PBXBuildFile; fileRef = B426F80F242EFC4B009B9AFB /* VideoViewController.swift */; };
		B428381F2436E252000CC006 /* giphy.gif in Resources */ = {isa = PBXBuildFile; fileRef = B428381E2436E252000CC006 /* giphy.gif */; };
		B43D2719242DDD5F00CF73CD /* ViewControllers.swift in Sources */ = {isa = PBXBuildFile; fileRef = B43D2718242DDD5F00CF73CD /* ViewControllers.swift */; };
		B43D271B242DDE1500CF73CD /* NewTableViewCell.swift in Sources */ = {isa = PBXBuildFile; fileRef = B43D271A242DDE1500CF73CD /* NewTableViewCell.swift */; };
/* End PBXBuildFile section */

/* Begin PBXContainerItemProxy section */
		06AEC54A23F456DC00A16E14 /* PBXContainerItemProxy */ = {
			isa = PBXContainerItemProxy;
			containerPortal = 06AEC52923F456DB00A16E14 /* Project object */;
			proxyType = 1;
			remoteGlobalIDString = 06AEC53023F456DB00A16E14;
			remoteInfo = IST;
		};
		06AEC55523F456DC00A16E14 /* PBXContainerItemProxy */ = {
			isa = PBXContainerItemProxy;
			containerPortal = 06AEC52923F456DB00A16E14 /* Project object */;
			proxyType = 1;
			remoteGlobalIDString = 06AEC53023F456DB00A16E14;
			remoteInfo = IST;
		};
/* End PBXContainerItemProxy section */

/* Begin PBXFileReference section */
		06AEC53123F456DB00A16E14 /* IST.app */ = {isa = PBXFileReference; explicitFileType = wrapper.application; includeInIndex = 0; path = IST.app; sourceTree = BUILT_PRODUCTS_DIR; };
		06AEC53423F456DB00A16E14 /* AppDelegate.swift */ = {isa = PBXFileReference; lastKnownFileType = sourcecode.swift; path = AppDelegate.swift; sourceTree = "<group>"; };
		06AEC53623F456DB00A16E14 /* SceneDelegate.swift */ = {isa = PBXFileReference; lastKnownFileType = sourcecode.swift; path = SceneDelegate.swift; sourceTree = "<group>"; };
		06AEC53A23F456DB00A16E14 /* SecondViewController.swift */ = {isa = PBXFileReference; lastKnownFileType = sourcecode.swift; path = SecondViewController.swift; sourceTree = "<group>"; };
		06AEC53D23F456DB00A16E14 /* Base */ = {isa = PBXFileReference; lastKnownFileType = file.storyboard; name = Base; path = Base.lproj/Main.storyboard; sourceTree = "<group>"; };
		06AEC53F23F456DC00A16E14 /* Assets.xcassets */ = {isa = PBXFileReference; lastKnownFileType = folder.assetcatalog; path = Assets.xcassets; sourceTree = "<group>"; };
		06AEC54223F456DC00A16E14 /* Base */ = {isa = PBXFileReference; lastKnownFileType = file.storyboard; name = Base; path = Base.lproj/LaunchScreen.storyboard; sourceTree = "<group>"; };
		06AEC54423F456DC00A16E14 /* Info.plist */ = {isa = PBXFileReference; lastKnownFileType = text.plist.xml; path = Info.plist; sourceTree = "<group>"; };
		06AEC54923F456DC00A16E14 /* ISTTests.xctest */ = {isa = PBXFileReference; explicitFileType = wrapper.cfbundle; includeInIndex = 0; path = ISTTests.xctest; sourceTree = BUILT_PRODUCTS_DIR; };
		06AEC54D23F456DC00A16E14 /* ISTTests.swift */ = {isa = PBXFileReference; lastKnownFileType = sourcecode.swift; path = ISTTests.swift; sourceTree = "<group>"; };
		06AEC54F23F456DC00A16E14 /* Info.plist */ = {isa = PBXFileReference; lastKnownFileType = text.plist.xml; path = Info.plist; sourceTree = "<group>"; };
		06AEC55423F456DC00A16E14 /* ISTUITests.xctest */ = {isa = PBXFileReference; explicitFileType = wrapper.cfbundle; includeInIndex = 0; path = ISTUITests.xctest; sourceTree = BUILT_PRODUCTS_DIR; };
		06AEC55823F456DC00A16E14 /* ISTUITests.swift */ = {isa = PBXFileReference; lastKnownFileType = sourcecode.swift; path = ISTUITests.swift; sourceTree = "<group>"; };
		06AEC55A23F456DC00A16E14 /* Info.plist */ = {isa = PBXFileReference; lastKnownFileType = text.plist.xml; path = Info.plist; sourceTree = "<group>"; };
		06AEC56623F4599F00A16E14 /* Curriculum.swift */ = {isa = PBXFileReference; lastKnownFileType = sourcecode.swift; path = Curriculum.swift; sourceTree = "<group>"; };
		B41AA29B24359A4800D51256 /* tryit.gif */ = {isa = PBXFileReference; lastKnownFileType = image.gif; path = tryit.gif; sourceTree = "<group>"; };
		B41AA29D24359B8F00D51256 /* Gifs.swift */ = {isa = PBXFileReference; lastKnownFileType = sourcecode.swift; path = Gifs.swift; sourceTree = "<group>"; };
		B426F80F242EFC4B009B9AFB /* VideoViewController.swift */ = {isa = PBXFileReference; lastKnownFileType = sourcecode.swift; path = VideoViewController.swift; sourceTree = "<group>"; };
		B428381E2436E252000CC006 /* giphy.gif */ = {isa = PBXFileReference; lastKnownFileType = image.gif; path = giphy.gif; sourceTree = "<group>"; };
		B43D2718242DDD5F00CF73CD /* ViewControllers.swift */ = {isa = PBXFileReference; lastKnownFileType = sourcecode.swift; path = ViewControllers.swift; sourceTree = "<group>"; };
		B43D271A242DDE1500CF73CD /* NewTableViewCell.swift */ = {isa = PBXFileReference; lastKnownFileType = sourcecode.swift; path = NewTableViewCell.swift; sourceTree = "<group>"; };
/* End PBXFileReference section */

/* Begin PBXFrameworksBuildPhase section */
		06AEC52E23F456DB00A16E14 /* Frameworks */ = {
			isa = PBXFrameworksBuildPhase;
			buildActionMask = 2147483647;
			files = (
			);
			runOnlyForDeploymentPostprocessing = 0;
		};
		06AEC54623F456DC00A16E14 /* Frameworks */ = {
			isa = PBXFrameworksBuildPhase;
			buildActionMask = 2147483647;
			files = (
			);
			runOnlyForDeploymentPostprocessing = 0;
		};
		06AEC55123F456DC00A16E14 /* Frameworks */ = {
			isa = PBXFrameworksBuildPhase;
			buildActionMask = 2147483647;
			files = (
			);
			runOnlyForDeploymentPostprocessing = 0;
		};
/* End PBXFrameworksBuildPhase section */

/* Begin PBXGroup section */
		06AEC52823F456DB00A16E14 = {
			isa = PBXGroup;
			children = (
				06AEC53323F456DB00A16E14 /* IST */,
				06AEC54C23F456DC00A16E14 /* ISTTests */,
				06AEC55723F456DC00A16E14 /* ISTUITests */,
				06AEC53223F456DB00A16E14 /* Products */,
			);
			sourceTree = "<group>";
		};
		06AEC53223F456DB00A16E14 /* Products */ = {
			isa = PBXGroup;
			children = (
				06AEC53123F456DB00A16E14 /* IST.app */,
				06AEC54923F456DC00A16E14 /* ISTTests.xctest */,
				06AEC55423F456DC00A16E14 /* ISTUITests.xctest */,
			);
			name = Products;
			sourceTree = "<group>";
		};
		06AEC53323F456DB00A16E14 /* IST */ = {
			isa = PBXGroup;
			children = (
				06AEC53423F456DB00A16E14 /* AppDelegate.swift */,
				06AEC53623F456DB00A16E14 /* SceneDelegate.swift */,
				06AEC53C23F456DB00A16E14 /* Main.storyboard */,
				B41AA29D24359B8F00D51256 /* Gifs.swift */,
				06AEC53A23F456DB00A16E14 /* SecondViewController.swift */,
				06AEC56623F4599F00A16E14 /* Curriculum.swift */,
				B426F80F242EFC4B009B9AFB /* VideoViewController.swift */,
				B43D271A242DDE1500CF73CD /* NewTableViewCell.swift */,
				B43D2718242DDD5F00CF73CD /* ViewControllers.swift */,
				B41AA29B24359A4800D51256 /* tryit.gif */,
				B428381E2436E252000CC006 /* giphy.gif */,
				06AEC54123F456DC00A16E14 /* LaunchScreen.storyboard */,
				06AEC53F23F456DC00A16E14 /* Assets.xcassets */,
				06AEC54423F456DC00A16E14 /* Info.plist */,
			);
			path = IST;
			sourceTree = "<group>";
		};
		06AEC54C23F456DC00A16E14 /* ISTTests */ = {
			isa = PBXGroup;
			children = (
				06AEC54D23F456DC00A16E14 /* ISTTests.swift */,
				06AEC54F23F456DC00A16E14 /* Info.plist */,
			);
			path = ISTTests;
			sourceTree = "<group>";
		};
		06AEC55723F456DC00A16E14 /* ISTUITests */ = {
			isa = PBXGroup;
			children = (
				06AEC55823F456DC00A16E14 /* ISTUITests.swift */,
				06AEC55A23F456DC00A16E14 /* Info.plist */,
			);
			path = ISTUITests;
			sourceTree = "<group>";
		};
/* End PBXGroup section */

/* Begin PBXNativeTarget section */
		06AEC53023F456DB00A16E14 /* IST */ = {
			isa = PBXNativeTarget;
			buildConfigurationList = 06AEC55D23F456DC00A16E14 /* Build configuration list for PBXNativeTarget "IST" */;
			buildPhases = (
				06AEC52D23F456DB00A16E14 /* Sources */,
				06AEC52E23F456DB00A16E14 /* Frameworks */,
				06AEC52F23F456DB00A16E14 /* Resources */,
			);
			buildRules = (
			);
			dependencies = (
			);
			name = IST;
			productName = IST;
			productReference = 06AEC53123F456DB00A16E14 /* IST.app */;
			productType = "com.apple.product-type.application";
		};
		06AEC54823F456DC00A16E14 /* ISTTests */ = {
			isa = PBXNativeTarget;
			buildConfigurationList = 06AEC56023F456DC00A16E14 /* Build configuration list for PBXNativeTarget "ISTTests" */;
			buildPhases = (
				06AEC54523F456DC00A16E14 /* Sources */,
				06AEC54623F456DC00A16E14 /* Frameworks */,
				06AEC54723F456DC00A16E14 /* Resources */,
			);
			buildRules = (
			);
			dependencies = (
				06AEC54B23F456DC00A16E14 /* PBXTargetDependency */,
			);
			name = ISTTests;
			productName = ISTTests;
			productReference = 06AEC54923F456DC00A16E14 /* ISTTests.xctest */;
			productType = "com.apple.product-type.bundle.unit-test";
		};
		06AEC55323F456DC00A16E14 /* ISTUITests */ = {
			isa = PBXNativeTarget;
			buildConfigurationList = 06AEC56323F456DC00A16E14 /* Build configuration list for PBXNativeTarget "ISTUITests" */;
			buildPhases = (
				06AEC55023F456DC00A16E14 /* Sources */,
				06AEC55123F456DC00A16E14 /* Frameworks */,
				06AEC55223F456DC00A16E14 /* Resources */,
			);
			buildRules = (
			);
			dependencies = (
				06AEC55623F456DC00A16E14 /* PBXTargetDependency */,
			);
			name = ISTUITests;
			productName = ISTUITests;
			productReference = 06AEC55423F456DC00A16E14 /* ISTUITests.xctest */;
			productType = "com.apple.product-type.bundle.ui-testing";
		};
/* End PBXNativeTarget section */

/* Begin PBXProject section */
		06AEC52923F456DB00A16E14 /* Project object */ = {
			isa = PBXProject;
			attributes = {
				LastSwiftUpdateCheck = 1130;
				LastUpgradeCheck = 1130;
				ORGANIZATIONNAME = IST;
				TargetAttributes = {
					06AEC53023F456DB00A16E14 = {
						CreatedOnToolsVersion = 11.3;
					};
					06AEC54823F456DC00A16E14 = {
						CreatedOnToolsVersion = 11.3;
						TestTargetID = 06AEC53023F456DB00A16E14;
					};
					06AEC55323F456DC00A16E14 = {
						CreatedOnToolsVersion = 11.3;
						TestTargetID = 06AEC53023F456DB00A16E14;
					};
				};
			};
			buildConfigurationList = 06AEC52C23F456DB00A16E14 /* Build configuration list for PBXProject "IST" */;
			compatibilityVersion = "Xcode 9.3";
			developmentRegion = en;
			hasScannedForEncodings = 0;
			knownRegions = (
				en,
				Base,
			);
			mainGroup = 06AEC52823F456DB00A16E14;
			productRefGroup = 06AEC53223F456DB00A16E14 /* Products */;
			projectDirPath = "";
			projectRoot = "";
			targets = (
				06AEC53023F456DB00A16E14 /* IST */,
				06AEC54823F456DC00A16E14 /* ISTTests */,
				06AEC55323F456DC00A16E14 /* ISTUITests */,
			);
		};
/* End PBXProject section */

/* Begin PBXResourcesBuildPhase section */
		06AEC52F23F456DB00A16E14 /* Resources */ = {
			isa = PBXResourcesBuildPhase;
			buildActionMask = 2147483647;
			files = (
				B428381F2436E252000CC006 /* giphy.gif in Resources */,
				B41AA29C24359A4800D51256 /* tryit.gif in Resources */,
				06AEC54323F456DC00A16E14 /* LaunchScreen.storyboard in Resources */,
				06AEC54023F456DC00A16E14 /* Assets.xcassets in Resources */,
				06AEC53E23F456DB00A16E14 /* Main.storyboard in Resources */,
			);
			runOnlyForDeploymentPostprocessing = 0;
		};
		06AEC54723F456DC00A16E14 /* Resources */ = {
			isa = PBXResourcesBuildPhase;
			buildActionMask = 2147483647;
			files = (
			);
			runOnlyForDeploymentPostprocessing = 0;
		};
		06AEC55223F456DC00A16E14 /* Resources */ = {
			isa = PBXResourcesBuildPhase;
			buildActionMask = 2147483647;
			files = (
			);
			runOnlyForDeploymentPostprocessing = 0;
		};
/* End PBXResourcesBuildPhase section */

/* Begin PBXSourcesBuildPhase section */
		06AEC52D23F456DB00A16E14 /* Sources */ = {
			isa = PBXSourcesBuildPhase;
			buildActionMask = 2147483647;
			files = (
				06AEC53B23F456DB00A16E14 /* SecondViewController.swift in Sources */,
				B426F810242EFC4B009B9AFB /* VideoViewController.swift in Sources */,
				B43D2719242DDD5F00CF73CD /* ViewControllers.swift in Sources */,
				06AEC53523F456DB00A16E14 /* AppDelegate.swift in Sources */,
				B43D271B242DDE1500CF73CD /* NewTableViewCell.swift in Sources */,
				06AEC53723F456DB00A16E14 /* SceneDelegate.swift in Sources */,
				B41AA29E24359B8F00D51256 /* Gifs.swift in Sources */,
				06AEC56723F4599F00A16E14 /* Curriculum.swift in Sources */,
			);
			runOnlyForDeploymentPostprocessing = 0;
		};
		06AEC54523F456DC00A16E14 /* Sources */ = {
			isa = PBXSourcesBuildPhase;
			buildActionMask = 2147483647;
			files = (
				06AEC54E23F456DC00A16E14 /* ISTTests.swift in Sources */,
			);
			runOnlyForDeploymentPostprocessing = 0;
		};
		06AEC55023F456DC00A16E14 /* Sources */ = {
			isa = PBXSourcesBuildPhase;
			buildActionMask = 2147483647;
			files = (
				06AEC55923F456DC00A16E14 /* ISTUITests.swift in Sources */,
			);
			runOnlyForDeploymentPostprocessing = 0;
		};
/* End PBXSourcesBuildPhase section */

/* Begin PBXTargetDependency section */
		06AEC54B23F456DC00A16E14 /* PBXTargetDependency */ = {
			isa = PBXTargetDependency;
			target = 06AEC53023F456DB00A16E14 /* IST */;
			targetProxy = 06AEC54A23F456DC00A16E14 /* PBXContainerItemProxy */;
		};
		06AEC55623F456DC00A16E14 /* PBXTargetDependency */ = {
			isa = PBXTargetDependency;
			target = 06AEC53023F456DB00A16E14 /* IST */;
			targetProxy = 06AEC55523F456DC00A16E14 /* PBXContainerItemProxy */;
		};
/* End PBXTargetDependency section */

/* Begin PBXVariantGroup section */
		06AEC53C23F456DB00A16E14 /* Main.storyboard */ = {
			isa = PBXVariantGroup;
			children = (
				06AEC53D23F456DB00A16E14 /* Base */,
			);
			name = Main.storyboard;
			sourceTree = "<group>";
		};
		06AEC54123F456DC00A16E14 /* LaunchScreen.storyboard */ = {
			isa = PBXVariantGroup;
			children = (
				06AEC54223F456DC00A16E14 /* Base */,
			);
			name = LaunchScreen.storyboard;
			sourceTree = "<group>";
		};
/* End PBXVariantGroup section */

/* Begin XCBuildConfiguration section */
		06AEC55B23F456DC00A16E14 /* Debug */ = {
			isa = XCBuildConfiguration;
			buildSettings = {
				ALWAYS_SEARCH_USER_PATHS = NO;
				CLANG_ANALYZER_NONNULL = YES;
				CLANG_ANALYZER_NUMBER_OBJECT_CONVERSION = YES_AGGRESSIVE;
				CLANG_CXX_LANGUAGE_STANDARD = "gnu++14";
				CLANG_CXX_LIBRARY = "libc++";
				CLANG_ENABLE_MODULES = YES;
				CLANG_ENABLE_OBJC_ARC = YES;
				CLANG_ENABLE_OBJC_WEAK = YES;
				CLANG_WARN_BLOCK_CAPTURE_AUTORELEASING = YES;
				CLANG_WARN_BOOL_CONVERSION = YES;
				CLANG_WARN_COMMA = YES;
				CLANG_WARN_CONSTANT_CONVERSION = YES;
				CLANG_WARN_DEPRECATED_OBJC_IMPLEMENTATIONS = YES;
				CLANG_WARN_DIRECT_OBJC_ISA_USAGE = YES_ERROR;
				CLANG_WARN_DOCUMENTATION_COMMENTS = YES;
				CLANG_WARN_EMPTY_BODY = YES;
				CLANG_WARN_ENUM_CONVERSION = YES;
				CLANG_WARN_INFINITE_RECURSION = YES;
				CLANG_WARN_INT_CONVERSION = YES;
				CLANG_WARN_NON_LITERAL_NULL_CONVERSION = YES;
				CLANG_WARN_OBJC_IMPLICIT_RETAIN_SELF = YES;
				CLANG_WARN_OBJC_LITERAL_CONVERSION = YES;
				CLANG_WARN_OBJC_ROOT_CLASS = YES_ERROR;
				CLANG_WARN_RANGE_LOOP_ANALYSIS = YES;
				CLANG_WARN_STRICT_PROTOTYPES = YES;
				CLANG_WARN_SUSPICIOUS_MOVE = YES;
				CLANG_WARN_UNGUARDED_AVAILABILITY = YES_AGGRESSIVE;
				CLANG_WARN_UNREACHABLE_CODE = YES;
				CLANG_WARN__DUPLICATE_METHOD_MATCH = YES;
				COPY_PHASE_STRIP = NO;
				DEBUG_INFORMATION_FORMAT = dwarf;
				ENABLE_STRICT_OBJC_MSGSEND = YES;
				ENABLE_TESTABILITY = YES;
				GCC_C_LANGUAGE_STANDARD = gnu11;
				GCC_DYNAMIC_NO_PIC = NO;
				GCC_NO_COMMON_BLOCKS = YES;
				GCC_OPTIMIZATION_LEVEL = 0;
				GCC_PREPROCESSOR_DEFINITIONS = (
					"DEBUG=1",
					"$(inherited)",
				);
				GCC_WARN_64_TO_32_BIT_CONVERSION = YES;
				GCC_WARN_ABOUT_RETURN_TYPE = YES_ERROR;
				GCC_WARN_UNDECLARED_SELECTOR = YES;
				GCC_WARN_UNINITIALIZED_AUTOS = YES_AGGRESSIVE;
				GCC_WARN_UNUSED_FUNCTION = YES;
				GCC_WARN_UNUSED_VARIABLE = YES;
				IPHONEOS_DEPLOYMENT_TARGET = 13.2;
				MTL_ENABLE_DEBUG_INFO = INCLUDE_SOURCE;
				MTL_FAST_MATH = YES;
				ONLY_ACTIVE_ARCH = YES;
				SDKROOT = iphoneos;
				SWIFT_ACTIVE_COMPILATION_CONDITIONS = DEBUG;
				SWIFT_OPTIMIZATION_LEVEL = "-Onone";
			};
			name = Debug;
		};
		06AEC55C23F456DC00A16E14 /* Release */ = {
			isa = XCBuildConfiguration;
			buildSettings = {
				ALWAYS_SEARCH_USER_PATHS = NO;
				CLANG_ANALYZER_NONNULL = YES;
				CLANG_ANALYZER_NUMBER_OBJECT_CONVERSION = YES_AGGRESSIVE;
				CLANG_CXX_LANGUAGE_STANDARD = "gnu++14";
				CLANG_CXX_LIBRARY = "libc++";
				CLANG_ENABLE_MODULES = YES;
				CLANG_ENABLE_OBJC_ARC = YES;
				CLANG_ENABLE_OBJC_WEAK = YES;
				CLANG_WARN_BLOCK_CAPTURE_AUTORELEASING = YES;
				CLANG_WARN_BOOL_CONVERSION = YES;
				CLANG_WARN_COMMA = YES;
				CLANG_WARN_CONSTANT_CONVERSION = YES;
				CLANG_WARN_DEPRECATED_OBJC_IMPLEMENTATIONS = YES;
				CLANG_WARN_DIRECT_OBJC_ISA_USAGE = YES_ERROR;
				CLANG_WARN_DOCUMENTATION_COMMENTS = YES;
				CLANG_WARN_EMPTY_BODY = YES;
				CLANG_WARN_ENUM_CONVERSION = YES;
				CLANG_WARN_INFINITE_RECURSION = YES;
				CLANG_WARN_INT_CONVERSION = YES;
				CLANG_WARN_NON_LITERAL_NULL_CONVERSION = YES;
				CLANG_WARN_OBJC_IMPLICIT_RETAIN_SELF = YES;
				CLANG_WARN_OBJC_LITERAL_CONVERSION = YES;
				CLANG_WARN_OBJC_ROOT_CLASS = YES_ERROR;
				CLANG_WARN_RANGE_LOOP_ANALYSIS = YES;
				CLANG_WARN_STRICT_PROTOTYPES = YES;
				CLANG_WARN_SUSPICIOUS_MOVE = YES;
				CLANG_WARN_UNGUARDED_AVAILABILITY = YES_AGGRESSIVE;
				CLANG_WARN_UNREACHABLE_CODE = YES;
				CLANG_WARN__DUPLICATE_METHOD_MATCH = YES;
				COPY_PHASE_STRIP = NO;
				DEBUG_INFORMATION_FORMAT = "dwarf-with-dsym";
				ENABLE_NS_ASSERTIONS = NO;
				ENABLE_STRICT_OBJC_MSGSEND = YES;
				GCC_C_LANGUAGE_STANDARD = gnu11;
				GCC_NO_COMMON_BLOCKS = YES;
				GCC_WARN_64_TO_32_BIT_CONVERSION = YES;
				GCC_WARN_ABOUT_RETURN_TYPE = YES_ERROR;
				GCC_WARN_UNDECLARED_SELECTOR = YES;
				GCC_WARN_UNINITIALIZED_AUTOS = YES_AGGRESSIVE;
				GCC_WARN_UNUSED_FUNCTION = YES;
				GCC_WARN_UNUSED_VARIABLE = YES;
				IPHONEOS_DEPLOYMENT_TARGET = 13.2;
				MTL_ENABLE_DEBUG_INFO = NO;
				MTL_FAST_MATH = YES;
				SDKROOT = iphoneos;
				SWIFT_COMPILATION_MODE = wholemodule;
				SWIFT_OPTIMIZATION_LEVEL = "-O";
				VALIDATE_PRODUCT = YES;
			};
			name = Release;
		};
		06AEC55E23F456DC00A16E14 /* Debug */ = {
			isa = XCBuildConfiguration;
			buildSettings = {
				ASSETCATALOG_COMPILER_APPICON_NAME = AppIcon;
				CODE_SIGN_STYLE = Automatic;
				DEVELOPMENT_TEAM = A67FDMZX5J;
				INFOPLIST_FILE = IST/Info.plist;
				LD_RUNPATH_SEARCH_PATHS = (
					"$(inherited)",
					"@executable_path/Frameworks",
				);
				PRODUCT_BUNDLE_IDENTIFIER = com.NEMCC.IST;
				PRODUCT_NAME = "$(TARGET_NAME)";
				SWIFT_VERSION = 5.0;
				TARGETED_DEVICE_FAMILY = "1,2";
			};
			name = Debug;
		};
		06AEC55F23F456DC00A16E14 /* Release */ = {
			isa = XCBuildConfiguration;
			buildSettings = {
				ASSETCATALOG_COMPILER_APPICON_NAME = AppIcon;
				CODE_SIGN_STYLE = Automatic;
				DEVELOPMENT_TEAM = A67FDMZX5J;
				INFOPLIST_FILE = IST/Info.plist;
				LD_RUNPATH_SEARCH_PATHS = (
					"$(inherited)",
					"@executable_path/Frameworks",
				);
				PRODUCT_BUNDLE_IDENTIFIER = com.NEMCC.IST;
				PRODUCT_NAME = "$(TARGET_NAME)";
				SWIFT_VERSION = 5.0;
				TARGETED_DEVICE_FAMILY = "1,2";
			};
			name = Release;
		};
		06AEC56123F456DC00A16E14 /* Debug */ = {
			isa = XCBuildConfiguration;
			buildSettings = {
				ALWAYS_EMBED_SWIFT_STANDARD_LIBRARIES = YES;
				BUNDLE_LOADER = "$(TEST_HOST)";
				CODE_SIGN_STYLE = Automatic;
				INFOPLIST_FILE = ISTTests/Info.plist;
				IPHONEOS_DEPLOYMENT_TARGET = 13.2;
				LD_RUNPATH_SEARCH_PATHS = (
					"$(inherited)",
					"@executable_path/Frameworks",
					"@loader_path/Frameworks",
				);
				PRODUCT_BUNDLE_IDENTIFIER = com.NEMCC.ISTTests;
				PRODUCT_NAME = "$(TARGET_NAME)";
				SWIFT_VERSION = 5.0;
				TARGETED_DEVICE_FAMILY = "1,2";
				TEST_HOST = "$(BUILT_PRODUCTS_DIR)/IST.app/IST";
			};
			name = Debug;
		};
		06AEC56223F456DC00A16E14 /* Release */ = {
			isa = XCBuildConfiguration;
			buildSettings = {
				ALWAYS_EMBED_SWIFT_STANDARD_LIBRARIES = YES;
				BUNDLE_LOADER = "$(TEST_HOST)";
				CODE_SIGN_STYLE = Automatic;
				INFOPLIST_FILE = ISTTests/Info.plist;
				IPHONEOS_DEPLOYMENT_TARGET = 13.2;
				LD_RUNPATH_SEARCH_PATHS = (
					"$(inherited)",
					"@executable_path/Frameworks",
					"@loader_path/Frameworks",
				);
				PRODUCT_BUNDLE_IDENTIFIER = com.NEMCC.ISTTests;
				PRODUCT_NAME = "$(TARGET_NAME)";
				SWIFT_VERSION = 5.0;
				TARGETED_DEVICE_FAMILY = "1,2";
				TEST_HOST = "$(BUILT_PRODUCTS_DIR)/IST.app/IST";
			};
			name = Release;
		};
		06AEC56423F456DC00A16E14 /* Debug */ = {
			isa = XCBuildConfiguration;
			buildSettings = {
				ALWAYS_EMBED_SWIFT_STANDARD_LIBRARIES = YES;
				CODE_SIGN_STYLE = Automatic;
				INFOPLIST_FILE = ISTUITests/Info.plist;
				LD_RUNPATH_SEARCH_PATHS = (
					"$(inherited)",
					"@executable_path/Frameworks",
					"@loader_path/Frameworks",
				);
				PRODUCT_BUNDLE_IDENTIFIER = com.NEMCC.ISTUITests;
				PRODUCT_NAME = "$(TARGET_NAME)";
				SWIFT_VERSION = 5.0;
				TARGETED_DEVICE_FAMILY = "1,2";
				TEST_TARGET_NAME = IST;
			};
			name = Debug;
		};
		06AEC56523F456DC00A16E14 /* Release */ = {
			isa = XCBuildConfiguration;
			buildSettings = {
				ALWAYS_EMBED_SWIFT_STANDARD_LIBRARIES = YES;
				CODE_SIGN_STYLE = Automatic;
				INFOPLIST_FILE = ISTUITests/Info.plist;
				LD_RUNPATH_SEARCH_PATHS = (
					"$(inherited)",
					"@executable_path/Frameworks",
					"@loader_path/Frameworks",
				);
				PRODUCT_BUNDLE_IDENTIFIER = com.NEMCC.ISTUITests;
				PRODUCT_NAME = "$(TARGET_NAME)";
				SWIFT_VERSION = 5.0;
				TARGETED_DEVICE_FAMILY = "1,2";
				TEST_TARGET_NAME = IST;
			};
			name = Release;
		};
/* End XCBuildConfiguration section */

/* Begin XCConfigurationList section */
		06AEC52C23F456DB00A16E14 /* Build configuration list for PBXProject "IST" */ = {
			isa = XCConfigurationList;
			buildConfigurations = (
				06AEC55B23F456DC00A16E14 /* Debug */,
				06AEC55C23F456DC00A16E14 /* Release */,
			);
			defaultConfigurationIsVisible = 0;
			defaultConfigurationName = Release;
		};
		06AEC55D23F456DC00A16E14 /* Build configuration list for PBXNativeTarget "IST" */ = {
			isa = XCConfigurationList;
			buildConfigurations = (
				06AEC55E23F456DC00A16E14 /* Debug */,
				06AEC55F23F456DC00A16E14 /* Release */,
			);
			defaultConfigurationIsVisible = 0;
			defaultConfigurationName = Release;
		};
		06AEC56023F456DC00A16E14 /* Build configuration list for PBXNativeTarget "ISTTests" */ = {
			isa = XCConfigurationList;
			buildConfigurations = (
				06AEC56123F456DC00A16E14 /* Debug */,
				06AEC56223F456DC00A16E14 /* Release */,
			);
			defaultConfigurationIsVisible = 0;
			defaultConfigurationName = Release;
		};
		06AEC56323F456DC00A16E14 /* Build configuration list for PBXNativeTarget "ISTUITests" */ = {
			isa = XCConfigurationList;
			buildConfigurations = (
				06AEC56423F456DC00A16E14 /* Debug */,
				06AEC56523F456DC00A16E14 /* Release */,
			);
			defaultConfigurationIsVisible = 0;
			defaultConfigurationName = Release;
		};
/* End XCConfigurationList section */
	};
	rootObject = 06AEC52923F456DB00A16E14 /* Project object */;
}
